
Microsoft Visual Studio Solution File, Format Version 12.00
# Visual Studio Version 16
VisualStudioVersion = 16.0.30611.23
MinimumVisualStudioVersion = 10.0.40219.1
Project("{FAE04EC0-301F-11D3-BF4B-00C04F79EFBC}") = "InlämingsuppgiftSQL", "InlämingsuppgiftSQL\InlämingsuppgiftSQL.csproj", "{91DB10CE-114B-4C98-96B7-4DA0D581CAB5}"
EndProject
Global
	GlobalSection(SolutionConfigurationPlatforms) = preSolution
		Debug|Any CPU = Debug|Any CPU
		Release|Any CPU = Release|Any CPU
	EndGlobalSection
	GlobalSection(ProjectConfigurationPlatforms) = postSolution
		{91DB10CE-114B-4C98-96B7-4DA0D581CAB5}.Debug|Any CPU.ActiveCfg = Debug|Any CPU
		{91DB10CE-114B-4C98-96B7-4DA0D581CAB5}.Debug|Any CPU.Build.0 = Debug|Any CPU
		{91DB10CE-114B-4C98-96B7-4DA0D581CAB5}.Release|Any CPU.ActiveCfg = Release|Any CPU
		{91DB10CE-114B-4C98-96B7-4DA0D581CAB5}.Release|Any CPU.Build.0 = Release|Any CPU
	EndGlobalSection
	GlobalSection(SolutionProperties) = preSolution
		HideSolutionNode = FALSE
	EndGlobalSection
	GlobalSection(ExtensibilityGlobals) = postSolution
		SolutionGuid = {DA08DE48-3199-46E0-9372-60F4CAF26841}
	EndGlobalSection
EndGlobal
